name: update-flake-lock
permissions:
  contents: write # to push the branch for the PR
  pull-requests: write # to open the PR
on:
  workflow_dispatch:
  schedule:
    - cron: "0 6 * * 2" # Runs at Beijing Time 14:00 every Tuesday (UTC 6:00)
jobs:
  lockfile:
    runs-on: ubuntu-latest
    steps:
      - name: Checkout repository
        uses: actions/checkout@v4
      - name: Install Nix
        uses: cachix/install-nix-action@v31
      - name: Update flake.lock
        uses: DeterminateSystems/update-flake-lock@v24
        with:
          pr-title: "⬆️ Bump flake.lock"
          commit-msg: "⬆️ Bump flake.lock"
